schema: '2.0'
stages:
  get-features:
    cmd: python3 scripts/data_scripts/get_features.py data/raw/train.csv
    deps:
    - path: data/raw/train.csv
      hash: md5
      md5: ee3a391ff72a4a759cf77afeb39da57f
      size: 168158
    - path: scripts/data_scripts/get_features.py
      hash: md5
      md5: ea14a4f15a4d7a41c9b1886cf930f987
      size: 857
    outs:
    - path: data/stage1
      hash: md5
      md5: a92fdb996152023ba5e635dbc371ea36.dir
      size: 84879
      nfiles: 1
  fill-na:
    cmd: python3 scripts/data_scripts/fill_na.py  data/stage1/train.csv
    deps:
    - path: data/stage1/train.csv
      hash: md5
      md5: e8c2765a6e35dadba4d2f4acfe2e24fa
      size: 84879
    - path: scripts/data_scripts/fill_na.py
      hash: md5
      md5: d4f7864afc140e36fad0d3b460cd8f6f
      size: 1444
    outs:
    - path: data/stage2
      hash: md5
      md5: a92fdb996152023ba5e635dbc371ea36.dir
      size: 84879
      nfiles: 1
  change_text:
    cmd: python3 scripts/data_scripts/change_text_to_numeric.py data/stage2/train.csv
    deps:
    - path: data/stage2/train.csv
      hash: md5
      md5: e8c2765a6e35dadba4d2f4acfe2e24fa
      size: 84879
    - path: scripts/data_scripts/change_text_to_numeric.py
      hash: md5
      md5: a201fa1c8a665c1ecaaedfe4c54bceb0
      size: 1947
    outs:
    - path: data/stage3
      hash: md5
      md5: 55383b508cadda79fab738b6faea428e.dir
      size: 41189
      nfiles: 1
  split:
    cmd: python3 scripts/data_scripts/train_test_split.py data/stage3/train.csv
    deps:
    - path: data/stage3/train.csv
      hash: md5
      md5: 84ec04f8af540a0eaca133d0da652f5e
      size: 41189
    - path: scripts/data_scripts/train_test_split.py
      hash: md5
      md5: 50c37aa2ad8e2e7179f29404e4aab23c
      size: 972
    outs:
    - path: data/stage4
      hash: md5
      md5: bce9c5603bf6075736fedc82edcb28f4.dir
      size: 41176
      nfiles: 2
  train:
    cmd: python3 scripts/model_learn/dt.py data/stage4/train.csv model.pkl
    deps:
    - path: data/stage4/train.csv
      hash: md5
      md5: 160882722150a394dca8d5e7942de8d2
      size: 28814
    - path: scripts/model_learn/dt.py
      hash: md5
      md5: 62b2f81cace1482ed27fb856bd945b5d
      size: 689
    params:
      params.yaml:
        train.max_depth: 10
        train.seed: 42
    outs:
    - path: models/model.pkl
      hash: md5
      md5: eece1638640e713bba157a69c568db96
      size: 576
